// !$*UTF8*$!
{
	archiveVersion = 1;
	classes = {
	};
	objectVersion = 51;
	objects = {

/* Begin PBXBuildFile section */
		E05DD1FA270CDEB7008BE550 /* DevelopmentQuestionVC.swift in Sources */ = {isa = PBXBuildFile; fileRef = E05DD1F9270CDEB7008BE550 /* DevelopmentQuestionVC.swift */; };
		E05DD205270CE6E4008BE550 /* DevelopmentQuestion.swift in Sources */ = {isa = PBXBuildFile; fileRef = E05DD204270CE6E4008BE550 /* DevelopmentQuestion.swift */; };
		E05DD208270CEF07008BE550 /* ITOperationsQuestionVC.swift in Sources */ = {isa = PBXBuildFile; fileRef = E05DD207270CEF07008BE550 /* ITOperationsQuestionVC.swift */; };
		E05DD20E270CF14C008BE550 /* MainTabBarController.swift in Sources */ = {isa = PBXBuildFile; fileRef = E05DD20D270CF14C008BE550 /* MainTabBarController.swift */; };
		E05DD212270CF974008BE550 /* QuestionTableViewCell.swift in Sources */ = {isa = PBXBuildFile; fileRef = E05DD211270CF974008BE550 /* QuestionTableViewCell.swift */; };
		E05DD215270D01BE008BE550 /* NewsCollectionVC.swift in Sources */ = {isa = PBXBuildFile; fileRef = E05DD214270D01BE008BE550 /* NewsCollectionVC.swift */; };
		E05DD21B270D06A1008BE550 /* DevelopmentAnswerVC.swift in Sources */ = {isa = PBXBuildFile; fileRef = E05DD21A270D06A1008BE550 /* DevelopmentAnswerVC.swift */; };
		E05DD220270E300D008BE550 /* ITOperationsAnswerVC.swift in Sources */ = {isa = PBXBuildFile; fileRef = E05DD21F270E300D008BE550 /* ITOperationsAnswerVC.swift */; };
		E05DD229270E3A43008BE550 /* OperationQuestion.swift in Sources */ = {isa = PBXBuildFile; fileRef = E05DD228270E3A43008BE550 /* OperationQuestion.swift */; };
		E0B3EBAA270B86B800EE70A2 /* AppDelegate.swift in Sources */ = {isa = PBXBuildFile; fileRef = E0B3EBA9270B86B800EE70A2 /* AppDelegate.swift */; };
		E0B3EBAC270B86B800EE70A2 /* SceneDelegate.swift in Sources */ = {isa = PBXBuildFile; fileRef = E0B3EBAB270B86B800EE70A2 /* SceneDelegate.swift */; };
		E0B3EBB3270B86BB00EE70A2 /* Assets.xcassets in Resources */ = {isa = PBXBuildFile; fileRef = E0B3EBB2270B86BB00EE70A2 /* Assets.xcassets */; };
		E0B3EBB6270B86BB00EE70A2 /* LaunchScreen.storyboard in Resources */ = {isa = PBXBuildFile; fileRef = E0B3EBB4270B86BB00EE70A2 /* LaunchScreen.storyboard */; };
		E0BFD39A2710CC3500BF5A2B /* NewsModel.swift in Sources */ = {isa = PBXBuildFile; fileRef = E0BFD3992710CC3500BF5A2B /* NewsModel.swift */; };
		E0BFD39D2710CC4700BF5A2B /* NetworkManager.swift in Sources */ = {isa = PBXBuildFile; fileRef = E0BFD39C2710CC4700BF5A2B /* NetworkManager.swift */; };
/* End PBXBuildFile section */

/* Begin PBXFileReference section */
		E05DD1F9270CDEB7008BE550 /* DevelopmentQuestionVC.swift */ = {isa = PBXFileReference; lastKnownFileType = sourcecode.swift; path = DevelopmentQuestionVC.swift; sourceTree = "<group>"; };
		E05DD204270CE6E4008BE550 /* DevelopmentQuestion.swift */ = {isa = PBXFileReference; lastKnownFileType = sourcecode.swift; path = DevelopmentQuestion.swift; sourceTree = "<group>"; };
		E05DD207270CEF07008BE550 /* ITOperationsQuestionVC.swift */ = {isa = PBXFileReference; lastKnownFileType = sourcecode.swift; path = ITOperationsQuestionVC.swift; sourceTree = "<group>"; };
		E05DD20D270CF14C008BE550 /* MainTabBarController.swift */ = {isa = PBXFileReference; lastKnownFileType = sourcecode.swift; path = MainTabBarController.swift; sourceTree = "<group>"; };
		E05DD211270CF974008BE550 /* QuestionTableViewCell.swift */ = {isa = PBXFileReference; lastKnownFileType = sourcecode.swift; path = QuestionTableViewCell.swift; sourceTree = "<group>"; };
		E05DD214270D01BE008BE550 /* NewsCollectionVC.swift */ = {isa = PBXFileReference; lastKnownFileType = sourcecode.swift; path = NewsCollectionVC.swift; sourceTree = "<group>"; };
		E05DD21A270D06A1008BE550 /* DevelopmentAnswerVC.swift */ = {isa = PBXFileReference; lastKnownFileType = sourcecode.swift; path = DevelopmentAnswerVC.swift; sourceTree = "<group>"; };
		E05DD21F270E300D008BE550 /* ITOperationsAnswerVC.swift */ = {isa = PBXFileReference; lastKnownFileType = sourcecode.swift; path = ITOperationsAnswerVC.swift; sourceTree = "<group>"; };
		E05DD228270E3A43008BE550 /* OperationQuestion.swift */ = {isa = PBXFileReference; lastKnownFileType = sourcecode.swift; path = OperationQuestion.swift; sourceTree = "<group>"; };
		E0B3EBA6270B86B800EE70A2 /* Homeworks.app */ = {isa = PBXFileReference; explicitFileType = wrapper.application; includeInIndex = 0; path = Homeworks.app; sourceTree = BUILT_PRODUCTS_DIR; };
		E0B3EBA9270B86B800EE70A2 /* AppDelegate.swift */ = {isa = PBXFileReference; lastKnownFileType = sourcecode.swift; path = AppDelegate.swift; sourceTree = "<group>"; };
		E0B3EBAB270B86B800EE70A2 /* SceneDelegate.swift */ = {isa = PBXFileReference; lastKnownFileType = sourcecode.swift; path = SceneDelegate.swift; sourceTree = "<group>"; };
		E0B3EBB2270B86BB00EE70A2 /* Assets.xcassets */ = {isa = PBXFileReference; lastKnownFileType = folder.assetcatalog; path = Assets.xcassets; sourceTree = "<group>"; };
		E0B3EBB5270B86BB00EE70A2 /* Base */ = {isa = PBXFileReference; lastKnownFileType = file.storyboard; name = Base; path = Base.lproj/LaunchScreen.storyboard; sourceTree = "<group>"; };
		E0B3EBB7270B86BB00EE70A2 /* Info.plist */ = {isa = PBXFileReference; lastKnownFileType = text.plist.xml; path = Info.plist; sourceTree = "<group>"; };
		E0BFD3992710CC3500BF5A2B /* NewsModel.swift */ = {isa = PBXFileReference; lastKnownFileType = sourcecode.swift; path = NewsModel.swift; sourceTree = "<group>"; };
		E0BFD39C2710CC4700BF5A2B /* NetworkManager.swift */ = {isa = PBXFileReference; lastKnownFileType = sourcecode.swift; path = NetworkManager.swift; sourceTree = "<group>"; };
/* End PBXFileReference section */

/* Begin PBXFrameworksBuildPhase section */
		E0B3EBA3270B86B800EE70A2 /* Frameworks */ = {
			isa = PBXFrameworksBuildPhase;
			buildActionMask = 2147483647;
			files = (
			);
			runOnlyForDeploymentPostprocessing = 0;
		};
/* End PBXFrameworksBuildPhase section */

/* Begin PBXGroup section */
		E05DD1E7270CDBE0008BE550 /* Support */ = {
			isa = PBXGroup;
			children = (
				E0B3EBB2270B86BB00EE70A2 /* Assets.xcassets */,
				E0B3EBB4270B86BB00EE70A2 /* LaunchScreen.storyboard */,
				E0B3EBB7270B86BB00EE70A2 /* Info.plist */,
			);
			path = Support;
			sourceTree = "<group>";
		};
		E05DD1EA270CDC2B008BE550 /* Controller */ = {
			isa = PBXGroup;
			children = (
				E05DD20D270CF14C008BE550 /* MainTabBarController.swift */,
				E05DD217270D0634008BE550 /* Development */,
				E05DD218270D063E008BE550 /* Operations */,
				E05DD219270D0647008BE550 /* News */,
			);
			path = Controller;
			sourceTree = "<group>";
		};
		E05DD1EB270CDC47008BE550 /* View */ = {
			isa = PBXGroup;
			children = (
				E05DD211270CF974008BE550 /* QuestionTableViewCell.swift */,
			);
			path = View;
			sourceTree = "<group>";
		};
		E05DD1EC270CDC57008BE550 /* Model */ = {
			isa = PBXGroup;
			children = (
				E05DD204270CE6E4008BE550 /* DevelopmentQuestion.swift */,
				E05DD228270E3A43008BE550 /* OperationQuestion.swift */,
				E0BFD3992710CC3500BF5A2B /* NewsModel.swift */,
				E0BFD39C2710CC4700BF5A2B /* NetworkManager.swift */,
			);
			path = Model;
			sourceTree = "<group>";
		};
		E05DD20C270CF0C6008BE550 /* Application */ = {
			isa = PBXGroup;
			children = (
				E0B3EBA9270B86B800EE70A2 /* AppDelegate.swift */,
				E0B3EBAB270B86B800EE70A2 /* SceneDelegate.swift */,
			);
			path = Application;
			sourceTree = "<group>";
		};
		E05DD217270D0634008BE550 /* Development */ = {
			isa = PBXGroup;
			children = (
				E05DD1F9270CDEB7008BE550 /* DevelopmentQuestionVC.swift */,
				E05DD21A270D06A1008BE550 /* DevelopmentAnswerVC.swift */,
			);
			path = Development;
			sourceTree = "<group>";
		};
		E05DD218270D063E008BE550 /* Operations */ = {
			isa = PBXGroup;
			children = (
				E05DD207270CEF07008BE550 /* ITOperationsQuestionVC.swift */,
				E05DD21F270E300D008BE550 /* ITOperationsAnswerVC.swift */,
			);
			path = Operations;
			sourceTree = "<group>";
		};
		E05DD219270D0647008BE550 /* News */ = {
			isa = PBXGroup;
			children = (
				E05DD214270D01BE008BE550 /* NewsCollectionVC.swift */,
			);
			path = News;
			sourceTree = "<group>";
		};
		E05DD222270E3206008BE550 /* Extensions */ = {
			isa = PBXGroup;
			children = (
			);
			path = Extensions;
			sourceTree = "<group>";
		};
		E0B3EB9D270B86B800EE70A2 = {
			isa = PBXGroup;
			children = (
				E0B3EBA8270B86B800EE70A2 /* Homeworks */,
				E0B3EBA7270B86B800EE70A2 /* Products */,
			);
			sourceTree = "<group>";
		};
		E0B3EBA7270B86B800EE70A2 /* Products */ = {
			isa = PBXGroup;
			children = (
				E0B3EBA6270B86B800EE70A2 /* Homeworks.app */,
			);
			name = Products;
			sourceTree = "<group>";
		};
		E0B3EBA8270B86B800EE70A2 /* Homeworks */ = {
			isa = PBXGroup;
			children = (
				E05DD20C270CF0C6008BE550 /* Application */,
				E05DD1EC270CDC57008BE550 /* Model */,
				E05DD1EB270CDC47008BE550 /* View */,
				E05DD1EA270CDC2B008BE550 /* Controller */,
				E05DD222270E3206008BE550 /* Extensions */,
				E05DD1E7270CDBE0008BE550 /* Support */,
			);
			path = Homeworks;
			sourceTree = "<group>";
		};
/* End PBXGroup section */

/* Begin PBXNativeTarget section */
		E0B3EBA5270B86B800EE70A2 /* Homeworks */ = {
			isa = PBXNativeTarget;
			buildConfigurationList = E0B3EBBA270B86BB00EE70A2 /* Build configuration list for PBXNativeTarget "Homeworks" */;
			buildPhases = (
				E0B3EBA2270B86B800EE70A2 /* Sources */,
				E0B3EBA3270B86B800EE70A2 /* Frameworks */,
				E0B3EBA4270B86B800EE70A2 /* Resources */,
			);
			buildRules = (
			);
			dependencies = (
			);
			name = Homeworks;
			productName = Homeworks;
			productReference = E0B3EBA6270B86B800EE70A2 /* Homeworks.app */;
			productType = "com.apple.product-type.application";
		};
/* End PBXNativeTarget section */

/* Begin PBXProject section */
		E0B3EB9E270B86B800EE70A2 /* Project object */ = {
			isa = PBXProject;
			attributes = {
				LastSwiftUpdateCheck = 1240;
				LastUpgradeCheck = 1240;
				TargetAttributes = {
					E0B3EBA5270B86B800EE70A2 = {
						CreatedOnToolsVersion = 12.4;
					};
				};
			};
			buildConfigurationList = E0B3EBA1270B86B800EE70A2 /* Build configuration list for PBXProject "Homeworks" */;
			compatibilityVersion = "Xcode 10.0";
			developmentRegion = en;
			hasScannedForEncodings = 0;
			knownRegions = (
				en,
				Base,
			);
			mainGroup = E0B3EB9D270B86B800EE70A2;
			productRefGroup = E0B3EBA7270B86B800EE70A2 /* Products */;
			projectDirPath = "";
			projectRoot = "";
			targets = (
				E0B3EBA5270B86B800EE70A2 /* Homeworks */,
			);
		};
/* End PBXProject section */

/* Begin PBXResourcesBuildPhase section */
		E0B3EBA4270B86B800EE70A2 /* Resources */ = {
			isa = PBXResourcesBuildPhase;
			buildActionMask = 2147483647;
			files = (
				E0B3EBB6270B86BB00EE70A2 /* LaunchScreen.storyboard in Resources */,
				E0B3EBB3270B86BB00EE70A2 /* Assets.xcassets in Resources */,
			);
			runOnlyForDeploymentPostprocessing = 0;
		};
/* End PBXResourcesBuildPhase section */

/* Begin PBXSourcesBuildPhase section */
		E0B3EBA2270B86B800EE70A2 /* Sources */ = {
			isa = PBXSourcesBuildPhase;
			buildActionMask = 2147483647;
			files = (
				E0BFD39A2710CC3500BF5A2B /* NewsModel.swift in Sources */,
				E05DD208270CEF07008BE550 /* ITOperationsQuestionVC.swift in Sources */,
				E05DD220270E300D008BE550 /* ITOperationsAnswerVC.swift in Sources */,
				E0BFD39D2710CC4700BF5A2B /* NetworkManager.swift in Sources */,
				E05DD1FA270CDEB7008BE550 /* DevelopmentQuestionVC.swift in Sources */,
				E05DD20E270CF14C008BE550 /* MainTabBarController.swift in Sources */,
				E05DD215270D01BE008BE550 /* NewsCollectionVC.swift in Sources */,
				E05DD229270E3A43008BE550 /* OperationQuestion.swift in Sources */,
				E05DD21B270D06A1008BE550 /* DevelopmentAnswerVC.swift in Sources */,
				E05DD205270CE6E4008BE550 /* DevelopmentQuestion.swift in Sources */,
				E0B3EBAA270B86B800EE70A2 /* AppDelegate.swift in Sources */,
				E0B3EBAC270B86B800EE70A2 /* SceneDelegate.swift in Sources */,
				E05DD212270CF974008BE550 /* QuestionTableViewCell.swift in Sources */,
			);
			runOnlyForDeploymentPostprocessing = 0;
		};
/* End PBXSourcesBuildPhase section */

/* Begin PBXVariantGroup section */
		E0B3EBB4270B86BB00EE70A2 /* LaunchScreen.storyboard */ = {
			isa = PBXVariantGroup;
			children = (
				E0B3EBB5270B86BB00EE70A2 /* Base */,
			);
			name = LaunchScreen.storyboard;
			sourceTree = "<group>";
		};
/* End PBXVariantGroup section */

/* Begin XCBuildConfiguration section */
		E0B3EBB8270B86BB00EE70A2 /* Debug */ = {
			isa = XCBuildConfiguration;
			buildSettings = {
				ALWAYS_SEARCH_USER_PATHS = NO;
				CLANG_ANALYZER_NONNULL = YES;
				CLANG_ANALYZER_NUMBER_OBJECT_CONVERSION = YES_AGGRESSIVE;
				CLANG_CXX_LANGUAGE_STANDARD = "gnu++14";
				CLANG_CXX_LIBRARY = "libc++";
				CLANG_ENABLE_MODULES = YES;
				CLANG_ENABLE_OBJC_ARC = YES;
				CLANG_ENABLE_OBJC_WEAK = YES;
				CLANG_WARN_BLOCK_CAPTURE_AUTORELEASING = YES;
				CLANG_WARN_BOOL_CONVERSION = YES;
				CLANG_WARN_COMMA = YES;
				CLANG_WARN_CONSTANT_CONVERSION = YES;
				CLANG_WARN_DEPRECATED_OBJC_IMPLEMENTATIONS = YES;
				CLANG_WARN_DIRECT_OBJC_ISA_USAGE = YES_ERROR;
				CLANG_WARN_DOCUMENTATION_COMMENTS = YES;
				CLANG_WARN_EMPTY_BODY = YES;
				CLANG_WARN_ENUM_CONVERSION = YES;
				CLANG_WARN_INFINITE_RECURSION = YES;
				CLANG_WARN_INT_CONVERSION = YES;
				CLANG_WARN_NON_LITERAL_NULL_CONVERSION = YES;
				CLANG_WARN_OBJC_IMPLICIT_RETAIN_SELF = YES;
				CLANG_WARN_OBJC_LITERAL_CONVERSION = YES;
				CLANG_WARN_OBJC_ROOT_CLASS = YES_ERROR;
				CLANG_WARN_QUOTED_INCLUDE_IN_FRAMEWORK_HEADER = YES;
				CLANG_WARN_RANGE_LOOP_ANALYSIS = YES;
				CLANG_WARN_STRICT_PROTOTYPES = YES;
				CLANG_WARN_SUSPICIOUS_MOVE = YES;
				CLANG_WARN_UNGUARDED_AVAILABILITY = YES_AGGRESSIVE;
				CLANG_WARN_UNREACHABLE_CODE = YES;
				CLANG_WARN__DUPLICATE_METHOD_MATCH = YES;
				COPY_PHASE_STRIP = NO;
				DEBUG_INFORMATION_FORMAT = dwarf;
				ENABLE_STRICT_OBJC_MSGSEND = YES;
				ENABLE_TESTABILITY = YES;
				GCC_C_LANGUAGE_STANDARD = gnu11;
				GCC_DYNAMIC_NO_PIC = NO;
				GCC_NO_COMMON_BLOCKS = YES;
				GCC_OPTIMIZATION_LEVEL = 0;
				GCC_PREPROCESSOR_DEFINITIONS = (
					"DEBUG=1",
					"$(inherited)",
				);
				GCC_WARN_64_TO_32_BIT_CONVERSION = YES;
				GCC_WARN_ABOUT_RETURN_TYPE = YES_ERROR;
				GCC_WARN_UNDECLARED_SELECTOR = YES;
				GCC_WARN_UNINITIALIZED_AUTOS = YES_AGGRESSIVE;
				GCC_WARN_UNUSED_FUNCTION = YES;
				GCC_WARN_UNUSED_VARIABLE = YES;
				IPHONEOS_DEPLOYMENT_TARGET = 14.4;
				MTL_ENABLE_DEBUG_INFO = INCLUDE_SOURCE;
				MTL_FAST_MATH = YES;
				ONLY_ACTIVE_ARCH = YES;
				SDKROOT = iphoneos;
				SWIFT_ACTIVE_COMPILATION_CONDITIONS = DEBUG;
				SWIFT_OPTIMIZATION_LEVEL = "-Onone";
			};
			name = Debug;
		};
		E0B3EBB9270B86BB00EE70A2 /* Release */ = {
			isa = XCBuildConfiguration;
			buildSettings = {
				ALWAYS_SEARCH_USER_PATHS = NO;
				CLANG_ANALYZER_NONNULL = YES;
				CLANG_ANALYZER_NUMBER_OBJECT_CONVERSION = YES_AGGRESSIVE;
				CLANG_CXX_LANGUAGE_STANDARD = "gnu++14";
				CLANG_CXX_LIBRARY = "libc++";
				CLANG_ENABLE_MODULES = YES;
				CLANG_ENABLE_OBJC_ARC = YES;
				CLANG_ENABLE_OBJC_WEAK = YES;
				CLANG_WARN_BLOCK_CAPTURE_AUTORELEASING = YES;
				CLANG_WARN_BOOL_CONVERSION = YES;
				CLANG_WARN_COMMA = YES;
				CLANG_WARN_CONSTANT_CONVERSION = YES;
				CLANG_WARN_DEPRECATED_OBJC_IMPLEMENTATIONS = YES;
				CLANG_WARN_DIRECT_OBJC_ISA_USAGE = YES_ERROR;
				CLANG_WARN_DOCUMENTATION_COMMENTS = YES;
				CLANG_WARN_EMPTY_BODY = YES;
				CLANG_WARN_ENUM_CONVERSION = YES;
				CLANG_WARN_INFINITE_RECURSION = YES;
				CLANG_WARN_INT_CONVERSION = YES;
				CLANG_WARN_NON_LITERAL_NULL_CONVERSION = YES;
				CLANG_WARN_OBJC_IMPLICIT_RETAIN_SELF = YES;
				CLANG_WARN_OBJC_LITERAL_CONVERSION = YES;
				CLANG_WARN_OBJC_ROOT_CLASS = YES_ERROR;
				CLANG_WARN_QUOTED_INCLUDE_IN_FRAMEWORK_HEADER = YES;
				CLANG_WARN_RANGE_LOOP_ANALYSIS = YES;
				CLANG_WARN_STRICT_PROTOTYPES = YES;
				CLANG_WARN_SUSPICIOUS_MOVE = YES;
				CLANG_WARN_UNGUARDED_AVAILABILITY = YES_AGGRESSIVE;
				CLANG_WARN_UNREACHABLE_CODE = YES;
				CLANG_WARN__DUPLICATE_METHOD_MATCH = YES;
				COPY_PHASE_STRIP = NO;
				DEBUG_INFORMATION_FORMAT = "dwarf-with-dsym";
				ENABLE_NS_ASSERTIONS = NO;
				ENABLE_STRICT_OBJC_MSGSEND = YES;
				GCC_C_LANGUAGE_STANDARD = gnu11;
				GCC_NO_COMMON_BLOCKS = YES;
				GCC_WARN_64_TO_32_BIT_CONVERSION = YES;
				GCC_WARN_ABOUT_RETURN_TYPE = YES_ERROR;
				GCC_WARN_UNDECLARED_SELECTOR = YES;
				GCC_WARN_UNINITIALIZED_AUTOS = YES_AGGRESSIVE;
				GCC_WARN_UNUSED_FUNCTION = YES;
				GCC_WARN_UNUSED_VARIABLE = YES;
				IPHONEOS_DEPLOYMENT_TARGET = 14.4;
				MTL_ENABLE_DEBUG_INFO = NO;
				MTL_FAST_MATH = YES;
				SDKROOT = iphoneos;
				SWIFT_COMPILATION_MODE = wholemodule;
				SWIFT_OPTIMIZATION_LEVEL = "-O";
				VALIDATE_PRODUCT = YES;
			};
			name = Release;
		};
		E0B3EBBB270B86BB00EE70A2 /* Debug */ = {
			isa = XCBuildConfiguration;
			buildSettings = {
				ASSETCATALOG_COMPILER_APPICON_NAME = AppIcon;
				ASSETCATALOG_COMPILER_GLOBAL_ACCENT_COLOR_NAME = AccentColor;
				CODE_SIGN_STYLE = Automatic;
				DEVELOPMENT_TEAM = BJNJ35894G;
				INFOPLIST_FILE = Homeworks/Support/Info.plist;
				IPHONEOS_DEPLOYMENT_TARGET = 14.4;
				LD_RUNPATH_SEARCH_PATHS = (
					"$(inherited)",
					"@executable_path/Frameworks",
				);
				PRODUCT_BUNDLE_IDENTIFIER = alexanderkovzhut.Homeworks;
				PRODUCT_NAME = "$(TARGET_NAME)";
				SWIFT_VERSION = 5.0;
				TARGETED_DEVICE_FAMILY = 1;
			};
			name = Debug;
		};
		E0B3EBBC270B86BB00EE70A2 /* Release */ = {
			isa = XCBuildConfiguration;
			buildSettings = {
				ASSETCATALOG_COMPILER_APPICON_NAME = AppIcon;
				ASSETCATALOG_COMPILER_GLOBAL_ACCENT_COLOR_NAME = AccentColor;
				CODE_SIGN_STYLE = Automatic;
				DEVELOPMENT_TEAM = BJNJ35894G;
				INFOPLIST_FILE = Homeworks/Support/Info.plist;
				IPHONEOS_DEPLOYMENT_TARGET = 14.4;
				LD_RUNPATH_SEARCH_PATHS = (
					"$(inherited)",
					"@executable_path/Frameworks",
				);
				PRODUCT_BUNDLE_IDENTIFIER = alexanderkovzhut.Homeworks;
				PRODUCT_NAME = "$(TARGET_NAME)";
				SWIFT_VERSION = 5.0;
				TARGETED_DEVICE_FAMILY = 1;
			};
			name = Release;
		};
/* End XCBuildConfiguration section */

/* Begin XCConfigurationList section */
		E0B3EBA1270B86B800EE70A2 /* Build configuration list for PBXProject "Homeworks" */ = {
			isa = XCConfigurationList;
			buildConfigurations = (
				E0B3EBB8270B86BB00EE70A2 /* Debug */,
				E0B3EBB9270B86BB00EE70A2 /* Release */,
			);
			defaultConfigurationIsVisible = 0;
			defaultConfigurationName = Release;
		};
		E0B3EBBA270B86BB00EE70A2 /* Build configuration list for PBXNativeTarget "Homeworks" */ = {
			isa = XCConfigurationList;
			buildConfigurations = (
				E0B3EBBB270B86BB00EE70A2 /* Debug */,
				E0B3EBBC270B86BB00EE70A2 /* Release */,
			);
			defaultConfigurationIsVisible = 0;
			defaultConfigurationName = Release;
		};
/* End XCConfigurationList section */
	};
	rootObject = E0B3EB9E270B86B800EE70A2 /* Project object */;
}
